
Microsoft Visual Studio Solution File, Format Version 9.00
# Visual Studio 2005
Project("{8BC9CEB8-8B4A-11D0-8D11-00A0C91BC942}") = "electriccircuits", "electriccircuits.vcproj", "{195BCC33-02B0-4E02-8D60-3FFB4A9AE358}"
EndProject
Global
	GlobalSection(SolutionConfigurationPlatforms) = preSolution
		Debug 2|Win32 = Debug 2|Win32
		Debug|Win32 = Debug|Win32
		Release|Win32 = Release|Win32
	EndGlobalSection
	GlobalSection(ProjectConfigurationPlatforms) = postSolution
		{195BCC33-02B0-4E02-8D60-3FFB4A9AE358}.Debug 2|Win32.ActiveCfg = Debug 2|Win32
		{195BCC33-02B0-4E02-8D60-3FFB4A9AE358}.Debug 2|Win32.Build.0 = Debug 2|Win32
		{195BCC33-02B0-4E02-8D60-3FFB4A9AE358}.Debug|Win32.ActiveCfg = Debug|Win32
		{195BCC33-02B0-4E02-8D60-3FFB4A9AE358}.Debug|Win32.Build.0 = Debug|Win32
		{195BCC33-02B0-4E02-8D60-3FFB4A9AE358}.Release|Win32.ActiveCfg = Release|Win32
		{195BCC33-02B0-4E02-8D60-3FFB4A9AE358}.Release|Win32.Build.0 = Release|Win32
	EndGlobalSection
	GlobalSection(SolutionProperties) = preSolution
		HideSolutionNode = FALSE
	EndGlobalSection
EndGlobal
